# 完整鎖定版本：在乾淨的 Python 3.11 venv 執行 pip install -r requirements.txt 後 pip freeze（2026-08-22）。
# Render / Docker 用這份 → build 可重現。要升級：改 requirements.txt 的範圍，重做上面的步驟。
PyYAML==6.0.3
shapely==2.1.2
numpy==2.2.6
annotated-doc==0.0.5
annotated-types==0.8.0
anyio==4.14.2
certifi==2026.7.22
click==8.4.2
fastapi==0.141.1
h11==0.16.0
httpcore2==2.12.0
httptools==0.8.0
httpx2==2.12.0
idna==3.19
jiter==0.16.0
openai==3.3.1
pydantic==2.13.4
pydantic_core==2.46.4
python-dotenv==1.2.3
sniffio==1.3.1
starlette==1.6.0
truststore==0.10.4
typing-inspection==0.4.4
typing_extensions==4.16.0
uvicorn==0.46.0
uvloop==0.22.1
watchfiles==1.2.0
websockets==17.0.1
